
Microsoft Visual Studio Solution File, Format Version 12.00
# Visual Studio Version 17
VisualStudioVersion = 17.1.31903.286
MinimumVisualStudioVersion = 10.0.40219.1
Project("{FAE04EC0-301F-11D3-BF4B-00C04F79EFBC}") = "HelloMe", "HelloMe\HelloMe.csproj", "{462FD2B4-9FA8-4A1A-B38D-5153B852CEAC}"
EndProject
Global
	GlobalSection(SolutionConfigurationPlatforms) = preSolution
		Debug|Any CPU = Debug|Any CPU
		Release|Any CPU = Release|Any CPU
	EndGlobalSection
	GlobalSection(ProjectConfigurationPlatforms) = postSolution
		{462FD2B4-9FA8-4A1A-B38D-5153B852CEAC}.Debug|Any CPU.ActiveCfg = Debug|Any CPU
		{462FD2B4-9FA8-4A1A-B38D-5153B852CEAC}.Debug|Any CPU.Build.0 = Debug|Any CPU
		{462FD2B4-9FA8-4A1A-B38D-5153B852CEAC}.Release|Any CPU.ActiveCfg = Release|Any CPU
		{462FD2B4-9FA8-4A1A-B38D-5153B852CEAC}.Release|Any CPU.Build.0 = Release|Any CPU
	EndGlobalSection
	GlobalSection(SolutionProperties) = preSolution
		HideSolutionNode = FALSE
	EndGlobalSection
	GlobalSection(ExtensibilityGlobals) = postSolution
		SolutionGuid = {756FBD92-F2E0-4451-BD03-5D57645D2620}
	EndGlobalSection
EndGlobal
